
Microsoft Visual Studio Solution File, Format Version 12.00
# Visual Studio Version 17
VisualStudioVersion = 17.6.33815.320
MinimumVisualStudioVersion = 10.0.40219.1
Project("{9A19103F-16F7-4668-BE54-9A1E7A4F7556}") = "FanControl.PowerShell", "FanControl.PowerShell\FanControl.PowerShell.csproj", "{F7004BC9-E2A7-4AF1-91A6-07562DF10A23}"
EndProject
Project("{9A19103F-16F7-4668-BE54-9A1E7A4F7556}") = "FanControl.PowerShell.Console", "FanControl.PowerShell.Console\FanControl.PowerShell.Console.csproj", "{3884D1D8-2213-42AC-B67C-61479A1849F2}"
EndProject
Global
	GlobalSection(SolutionConfigurationPlatforms) = preSolution
		Debug|Any CPU = Debug|Any CPU
		Release|Any CPU = Release|Any CPU
	EndGlobalSection
	GlobalSection(ProjectConfigurationPlatforms) = postSolution
		{F7004BC9-E2A7-4AF1-91A6-07562DF10A23}.Debug|Any CPU.ActiveCfg = Debug|Any CPU
		{F7004BC9-E2A7-4AF1-91A6-07562DF10A23}.Debug|Any CPU.Build.0 = Debug|Any CPU
		{F7004BC9-E2A7-4AF1-91A6-07562DF10A23}.Release|Any CPU.ActiveCfg = Release|Any CPU
		{F7004BC9-E2A7-4AF1-91A6-07562DF10A23}.Release|Any CPU.Build.0 = Release|Any CPU
		{3884D1D8-2213-42AC-B67C-61479A1849F2}.Debug|Any CPU.ActiveCfg = Debug|Any CPU
		{3884D1D8-2213-42AC-B67C-61479A1849F2}.Debug|Any CPU.Build.0 = Debug|Any CPU
		{3884D1D8-2213-42AC-B67C-61479A1849F2}.Release|Any CPU.ActiveCfg = Release|Any CPU
		{3884D1D8-2213-42AC-B67C-61479A1849F2}.Release|Any CPU.Build.0 = Release|Any CPU
	EndGlobalSection
	GlobalSection(SolutionProperties) = preSolution
		HideSolutionNode = FALSE
	EndGlobalSection
	GlobalSection(ExtensibilityGlobals) = postSolution
		SolutionGuid = {6B4B63B2-38E0-4736-B3DF-73BA4572E35C}
	EndGlobalSection
EndGlobal
